// !$*UTF8*$!
{
	archiveVersion = 1;
	classes = {
	};
	objectVersion = 46;
	objects = {

/* Begin PBXBuildFile section */
		A73B77AF19E0AAAD00497666 /* AppDelegate.swift in Sources */ = {isa = PBXBuildFile; fileRef = A73B77AE19E0AAAD00497666 /* AppDelegate.swift */; };
		A73B77B119E0AAAD00497666 /* ViewController.swift in Sources */ = {isa = PBXBuildFile; fileRef = A73B77B019E0AAAD00497666 /* ViewController.swift */; };
		A73B77B419E0AAAD00497666 /* Main.storyboard in Resources */ = {isa = PBXBuildFile; fileRef = A73B77B219E0AAAD00497666 /* Main.storyboard */; };
		A73B77B619E0AAAD00497666 /* Images.xcassets in Resources */ = {isa = PBXBuildFile; fileRef = A73B77B519E0AAAD00497666 /* Images.xcassets */; };
		A73B77B919E0AAAD00497666 /* LaunchScreen.xib in Resources */ = {isa = PBXBuildFile; fileRef = A73B77B719E0AAAD00497666 /* LaunchScreen.xib */; };
		A73B77C519E0AAAD00497666 /* Tinder_CloneTests.swift in Sources */ = {isa = PBXBuildFile; fileRef = A73B77C419E0AAAD00497666 /* Tinder_CloneTests.swift */; };
		A73B77CF19E0B03400497666 /* FacebookSDK.framework in Frameworks */ = {isa = PBXBuildFile; fileRef = A73B77CE19E0B03400497666 /* FacebookSDK.framework */; };
		A73B77D619E0B28700497666 /* Bolts.framework in Frameworks */ = {isa = PBXBuildFile; fileRef = A73B77D319E0B28700497666 /* Bolts.framework */; };
		A73B77D719E0B28700497666 /* Parse.framework in Frameworks */ = {isa = PBXBuildFile; fileRef = A73B77D419E0B28700497666 /* Parse.framework */; };
		A73B77D819E0B28700497666 /* ParseFacebookUtils.framework in Frameworks */ = {isa = PBXBuildFile; fileRef = A73B77D519E0B28700497666 /* ParseFacebookUtils.framework */; };
		A73B77DA19E0B2D200497666 /* AudioToolbox.framework in Frameworks */ = {isa = PBXBuildFile; fileRef = A73B77D919E0B2D200497666 /* AudioToolbox.framework */; };
		A73B77DC19E0B2DC00497666 /* CFNetwork.framework in Frameworks */ = {isa = PBXBuildFile; fileRef = A73B77DB19E0B2DC00497666 /* CFNetwork.framework */; };
		A73B77DE19E0B2E700497666 /* CoreGraphics.framework in Frameworks */ = {isa = PBXBuildFile; fileRef = A73B77DD19E0B2E700497666 /* CoreGraphics.framework */; };
		A73B77E019E0B2F900497666 /* CoreLocation.framework in Frameworks */ = {isa = PBXBuildFile; fileRef = A73B77DF19E0B2F900497666 /* CoreLocation.framework */; };
		A73B77E219E0B30C00497666 /* libz.dylib in Frameworks */ = {isa = PBXBuildFile; fileRef = A73B77E119E0B30C00497666 /* libz.dylib */; };
		A73B77E419E0B31C00497666 /* MobileCoreServices.framework in Frameworks */ = {isa = PBXBuildFile; fileRef = A73B77E319E0B31C00497666 /* MobileCoreServices.framework */; };
		A73B77E619E0B32A00497666 /* QuartzCore.framework in Frameworks */ = {isa = PBXBuildFile; fileRef = A73B77E519E0B32A00497666 /* QuartzCore.framework */; };
		A73B77E819E0B33900497666 /* Security.framework in Frameworks */ = {isa = PBXBuildFile; fileRef = A73B77E719E0B33900497666 /* Security.framework */; };
		A73B77EA19E0B34A00497666 /* StoreKit.framework in Frameworks */ = {isa = PBXBuildFile; fileRef = A73B77E919E0B34A00497666 /* StoreKit.framework */; };
		A73B77EC19E0B35A00497666 /* SystemConfiguration.framework in Frameworks */ = {isa = PBXBuildFile; fileRef = A73B77EB19E0B35A00497666 /* SystemConfiguration.framework */; };
		A73B77F119E0BE4700497666 /* DraggableView.swift in Sources */ = {isa = PBXBuildFile; fileRef = A73B77F019E0BE4700497666 /* DraggableView.swift */; };
		A73B77F519E0D49600497666 /* MBProgressHUD.m in Sources */ = {isa = PBXBuildFile; fileRef = A73B77F419E0D49600497666 /* MBProgressHUD.m */; };
		A73B77F819E0D69C00497666 /* ProfileSelectorViewController.swift in Sources */ = {isa = PBXBuildFile; fileRef = A73B77F719E0D69C00497666 /* ProfileSelectorViewController.swift */; };
		A73B77FA19E0DA9800497666 /* LocationManager.swift in Sources */ = {isa = PBXBuildFile; fileRef = A73B77F919E0DA9800497666 /* LocationManager.swift */; };
/* End PBXBuildFile section */

/* Begin PBXContainerItemProxy section */
		A73B77BF19E0AAAD00497666 /* PBXContainerItemProxy */ = {
			isa = PBXContainerItemProxy;
			containerPortal = A73B77A119E0AAAD00497666 /* Project object */;
			proxyType = 1;
			remoteGlobalIDString = A73B77A819E0AAAD00497666;
			remoteInfo = "Tinder Clone";
		};
/* End PBXContainerItemProxy section */

/* Begin PBXFileReference section */
		A73B77A919E0AAAD00497666 /* Tinder Clone.app */ = {isa = PBXFileReference; explicitFileType = wrapper.application; includeInIndex = 0; path = "Tinder Clone.app"; sourceTree = BUILT_PRODUCTS_DIR; };
		A73B77AD19E0AAAD00497666 /* Info.plist */ = {isa = PBXFileReference; lastKnownFileType = text.plist.xml; path = Info.plist; sourceTree = "<group>"; };
		A73B77AE19E0AAAD00497666 /* AppDelegate.swift */ = {isa = PBXFileReference; lastKnownFileType = sourcecode.swift; path = AppDelegate.swift; sourceTree = "<group>"; };
		A73B77B019E0AAAD00497666 /* ViewController.swift */ = {isa = PBXFileReference; lastKnownFileType = sourcecode.swift; path = ViewController.swift; sourceTree = "<group>"; };
		A73B77B319E0AAAD00497666 /* Base */ = {isa = PBXFileReference; lastKnownFileType = file.storyboard; name = Base; path = Base.lproj/Main.storyboard; sourceTree = "<group>"; };
		A73B77B519E0AAAD00497666 /* Images.xcassets */ = {isa = PBXFileReference; lastKnownFileType = folder.assetcatalog; path = Images.xcassets; sourceTree = "<group>"; };
		A73B77B819E0AAAD00497666 /* Base */ = {isa = PBXFileReference; lastKnownFileType = file.xib; name = Base; path = Base.lproj/LaunchScreen.xib; sourceTree = "<group>"; };
		A73B77BE19E0AAAD00497666 /* Tinder CloneTests.xctest */ = {isa = PBXFileReference; explicitFileType = wrapper.cfbundle; includeInIndex = 0; path = "Tinder CloneTests.xctest"; sourceTree = BUILT_PRODUCTS_DIR; };
		A73B77C319E0AAAD00497666 /* Info.plist */ = {isa = PBXFileReference; lastKnownFileType = text.plist.xml; path = Info.plist; sourceTree = "<group>"; };
		A73B77C419E0AAAD00497666 /* Tinder_CloneTests.swift */ = {isa = PBXFileReference; lastKnownFileType = sourcecode.swift; path = Tinder_CloneTests.swift; sourceTree = "<group>"; };
		A73B77CE19E0B03400497666 /* FacebookSDK.framework */ = {isa = PBXFileReference; lastKnownFileType = wrapper.framework; name = FacebookSDK.framework; path = "Tinder Clone/FacebookSDK.framework"; sourceTree = "<group>"; };
		A73B77D019E0B17A00497666 /* Tinder Clone-Bridging-Header.h */ = {isa = PBXFileReference; lastKnownFileType = sourcecode.c.h; path = "Tinder Clone-Bridging-Header.h"; sourceTree = "<group>"; };
		A73B77D319E0B28700497666 /* Bolts.framework */ = {isa = PBXFileReference; lastKnownFileType = wrapper.framework; name = Bolts.framework; path = "Tinder Clone/Bolts.framework"; sourceTree = "<group>"; };
		A73B77D419E0B28700497666 /* Parse.framework */ = {isa = PBXFileReference; lastKnownFileType = wrapper.framework; name = Parse.framework; path = "Tinder Clone/Parse.framework"; sourceTree = "<group>"; };
		A73B77D519E0B28700497666 /* ParseFacebookUtils.framework */ = {isa = PBXFileReference; lastKnownFileType = wrapper.framework; name = ParseFacebookUtils.framework; path = "Tinder Clone/ParseFacebookUtils.framework"; sourceTree = "<group>"; };
		A73B77D919E0B2D200497666 /* AudioToolbox.framework */ = {isa = PBXFileReference; lastKnownFileType = wrapper.framework; name = AudioToolbox.framework; path = System/Library/Frameworks/AudioToolbox.framework; sourceTree = SDKROOT; };
		A73B77DB19E0B2DC00497666 /* CFNetwork.framework */ = {isa = PBXFileReference; lastKnownFileType = wrapper.framework; name = CFNetwork.framework; path = System/Library/Frameworks/CFNetwork.framework; sourceTree = SDKROOT; };
		A73B77DD19E0B2E700497666 /* CoreGraphics.framework */ = {isa = PBXFileReference; lastKnownFileType = wrapper.framework; name = CoreGraphics.framework; path = System/Library/Frameworks/CoreGraphics.framework; sourceTree = SDKROOT; };
		A73B77DF19E0B2F900497666 /* CoreLocation.framework */ = {isa = PBXFileReference; lastKnownFileType = wrapper.framework; name = CoreLocation.framework; path = System/Library/Frameworks/CoreLocation.framework; sourceTree = SDKROOT; };
		A73B77E119E0B30C00497666 /* libz.dylib */ = {isa = PBXFileReference; lastKnownFileType = "compiled.mach-o.dylib"; name = libz.dylib; path = usr/lib/libz.dylib; sourceTree = SDKROOT; };
		A73B77E319E0B31C00497666 /* MobileCoreServices.framework */ = {isa = PBXFileReference; lastKnownFileType = wrapper.framework; name = MobileCoreServices.framework; path = System/Library/Frameworks/MobileCoreServices.framework; sourceTree = SDKROOT; };
		A73B77E519E0B32A00497666 /* QuartzCore.framework */ = {isa = PBXFileReference; lastKnownFileType = wrapper.framework; name = QuartzCore.framework; path = System/Library/Frameworks/QuartzCore.framework; sourceTree = SDKROOT; };
		A73B77E719E0B33900497666 /* Security.framework */ = {isa = PBXFileReference; lastKnownFileType = wrapper.framework; name = Security.framework; path = System/Library/Frameworks/Security.framework; sourceTree = SDKROOT; };
		A73B77E919E0B34A00497666 /* StoreKit.framework */ = {isa = PBXFileReference; lastKnownFileType = wrapper.framework; name = StoreKit.framework; path = System/Library/Frameworks/StoreKit.framework; sourceTree = SDKROOT; };
		A73B77EB19E0B35A00497666 /* SystemConfiguration.framework */ = {isa = PBXFileReference; lastKnownFileType = wrapper.framework; name = SystemConfiguration.framework; path = System/Library/Frameworks/SystemConfiguration.framework; sourceTree = SDKROOT; };
		A73B77F019E0BE4700497666 /* DraggableView.swift */ = {isa = PBXFileReference; fileEncoding = 4; lastKnownFileType = sourcecode.swift; path = DraggableView.swift; sourceTree = "<group>"; };
		A73B77F319E0D49600497666 /* MBProgressHUD.h */ = {isa = PBXFileReference; fileEncoding = 4; lastKnownFileType = sourcecode.c.h; path = MBProgressHUD.h; sourceTree = "<group>"; };
		A73B77F419E0D49600497666 /* MBProgressHUD.m */ = {isa = PBXFileReference; fileEncoding = 4; lastKnownFileType = sourcecode.c.objc; path = MBProgressHUD.m; sourceTree = "<group>"; };
		A73B77F719E0D69C00497666 /* ProfileSelectorViewController.swift */ = {isa = PBXFileReference; fileEncoding = 4; lastKnownFileType = sourcecode.swift; path = ProfileSelectorViewController.swift; sourceTree = "<group>"; };
		A73B77F919E0DA9800497666 /* LocationManager.swift */ = {isa = PBXFileReference; fileEncoding = 4; lastKnownFileType = sourcecode.swift; path = LocationManager.swift; sourceTree = "<group>"; };
/* End PBXFileReference section */

/* Begin PBXFrameworksBuildPhase section */
		A73B77A619E0AAAD00497666 /* Frameworks */ = {
			isa = PBXFrameworksBuildPhase;
			buildActionMask = 2147483647;
			files = (
				A73B77EC19E0B35A00497666 /* SystemConfiguration.framework in Frameworks */,
				A73B77EA19E0B34A00497666 /* StoreKit.framework in Frameworks */,
				A73B77E819E0B33900497666 /* Security.framework in Frameworks */,
				A73B77E619E0B32A00497666 /* QuartzCore.framework in Frameworks */,
				A73B77E419E0B31C00497666 /* MobileCoreServices.framework in Frameworks */,
				A73B77E219E0B30C00497666 /* libz.dylib in Frameworks */,
				A73B77E019E0B2F900497666 /* CoreLocation.framework in Frameworks */,
				A73B77DE19E0B2E700497666 /* CoreGraphics.framework in Frameworks */,
				A73B77DC19E0B2DC00497666 /* CFNetwork.framework in Frameworks */,
				A73B77DA19E0B2D200497666 /* AudioToolbox.framework in Frameworks */,
				A73B77CF19E0B03400497666 /* FacebookSDK.framework in Frameworks */,
				A73B77D719E0B28700497666 /* Parse.framework in Frameworks */,
				A73B77D819E0B28700497666 /* ParseFacebookUtils.framework in Frameworks */,
				A73B77D619E0B28700497666 /* Bolts.framework in Frameworks */,
			);
			runOnlyForDeploymentPostprocessing = 0;
		};
		A73B77BB19E0AAAD00497666 /* Frameworks */ = {
			isa = PBXFrameworksBuildPhase;
			buildActionMask = 2147483647;
			files = (
			);
			runOnlyForDeploymentPostprocessing = 0;
		};
/* End PBXFrameworksBuildPhase section */

/* Begin PBXGroup section */
		A73B77A019E0AAAD00497666 = {
			isa = PBXGroup;
			children = (
				A73B77EE19E0B39700497666 /* Frameworks */,
				A73B77ED19E0B38D00497666 /* Resources */,
				A73B77AB19E0AAAD00497666 /* Tinder Clone */,
				A73B77C119E0AAAD00497666 /* Tinder CloneTests */,
				A73B77AA19E0AAAD00497666 /* Products */,
			);
			sourceTree = "<group>";
		};
		A73B77AA19E0AAAD00497666 /* Products */ = {
			isa = PBXGroup;
			children = (
				A73B77A919E0AAAD00497666 /* Tinder Clone.app */,
				A73B77BE19E0AAAD00497666 /* Tinder CloneTests.xctest */,
			);
			name = Products;
			sourceTree = "<group>";
		};
		A73B77AB19E0AAAD00497666 /* Tinder Clone */ = {
			isa = PBXGroup;
			children = (
				A73B77F619E0D67500497666 /* Tabs */,
				A73B77F219E0D42000497666 /* Progress */,
				A73B77AE19E0AAAD00497666 /* AppDelegate.swift */,
				A73B77B019E0AAAD00497666 /* ViewController.swift */,
				A73B77B219E0AAAD00497666 /* Main.storyboard */,
				A73B77B519E0AAAD00497666 /* Images.xcassets */,
				A73B77B719E0AAAD00497666 /* LaunchScreen.xib */,
				A73B77AC19E0AAAD00497666 /* Supporting Files */,
				A73B77D019E0B17A00497666 /* Tinder Clone-Bridging-Header.h */,
				A73B77F019E0BE4700497666 /* DraggableView.swift */,
				A73B77F919E0DA9800497666 /* LocationManager.swift */,
			);
			path = "Tinder Clone";
			sourceTree = "<group>";
		};
		A73B77AC19E0AAAD00497666 /* Supporting Files */ = {
			isa = PBXGroup;
			children = (
				A73B77AD19E0AAAD00497666 /* Info.plist */,
			);
			name = "Supporting Files";
			sourceTree = "<group>";
		};
		A73B77C119E0AAAD00497666 /* Tinder CloneTests */ = {
			isa = PBXGroup;
			children = (
				A73B77C419E0AAAD00497666 /* Tinder_CloneTests.swift */,
				A73B77C219E0AAAD00497666 /* Supporting Files */,
			);
			path = "Tinder CloneTests";
			sourceTree = "<group>";
		};
		A73B77C219E0AAAD00497666 /* Supporting Files */ = {
			isa = PBXGroup;
			children = (
				A73B77C319E0AAAD00497666 /* Info.plist */,
			);
			name = "Supporting Files";
			sourceTree = "<group>";
		};
		A73B77ED19E0B38D00497666 /* Resources */ = {
			isa = PBXGroup;
			children = (
				A73B77EF19E0B39F00497666 /* Frameworks */,
			);
			name = Resources;
			sourceTree = "<group>";
		};
		A73B77EE19E0B39700497666 /* Frameworks */ = {
			isa = PBXGroup;
			children = (
				A73B77EB19E0B35A00497666 /* SystemConfiguration.framework */,
				A73B77E919E0B34A00497666 /* StoreKit.framework */,
				A73B77E719E0B33900497666 /* Security.framework */,
				A73B77E519E0B32A00497666 /* QuartzCore.framework */,
				A73B77E319E0B31C00497666 /* MobileCoreServices.framework */,
				A73B77E119E0B30C00497666 /* libz.dylib */,
				A73B77DF19E0B2F900497666 /* CoreLocation.framework */,
				A73B77DD19E0B2E700497666 /* CoreGraphics.framework */,
				A73B77DB19E0B2DC00497666 /* CFNetwork.framework */,
				A73B77D919E0B2D200497666 /* AudioToolbox.framework */,
			);
			name = Frameworks;
			sourceTree = "<group>";
		};
		A73B77EF19E0B39F00497666 /* Frameworks */ = {
			isa = PBXGroup;
			children = (
				A73B77D319E0B28700497666 /* Bolts.framework */,
				A73B77D419E0B28700497666 /* Parse.framework */,
				A73B77D519E0B28700497666 /* ParseFacebookUtils.framework */,
				A73B77CE19E0B03400497666 /* FacebookSDK.framework */,
			);
			name = Frameworks;
			sourceTree = "<group>";
		};
		A73B77F219E0D42000497666 /* Progress */ = {
			isa = PBXGroup;
			children = (
				A73B77F319E0D49600497666 /* MBProgressHUD.h */,
				A73B77F419E0D49600497666 /* MBProgressHUD.m */,
			);
			name = Progress;
			sourceTree = "<group>";
		};
		A73B77F619E0D67500497666 /* Tabs */ = {
			isa = PBXGroup;
			children = (
				A73B77F719E0D69C00497666 /* ProfileSelectorViewController.swift */,
			);
			name = Tabs;
			sourceTree = "<group>";
		};
/* End PBXGroup section */

/* Begin PBXNativeTarget section */
		A73B77A819E0AAAD00497666 /* Tinder Clone */ = {
			isa = PBXNativeTarget;
			buildConfigurationList = A73B77C819E0AAAD00497666 /* Build configuration list for PBXNativeTarget "Tinder Clone" */;
			buildPhases = (
				A73B77A519E0AAAD00497666 /* Sources */,
				A73B77A619E0AAAD00497666 /* Frameworks */,
				A73B77A719E0AAAD00497666 /* Resources */,
			);
			buildRules = (
			);
			dependencies = (
			);
			name = "Tinder Clone";
			productName = "Tinder Clone";
			productReference = A73B77A919E0AAAD00497666 /* Tinder Clone.app */;
			productType = "com.apple.product-type.application";
		};
		A73B77BD19E0AAAD00497666 /* Tinder CloneTests */ = {
			isa = PBXNativeTarget;
			buildConfigurationList = A73B77CB19E0AAAD00497666 /* Build configuration list for PBXNativeTarget "Tinder CloneTests" */;
			buildPhases = (
				A73B77BA19E0AAAD00497666 /* Sources */,
				A73B77BB19E0AAAD00497666 /* Frameworks */,
				A73B77BC19E0AAAD00497666 /* Resources */,
			);
			buildRules = (
			);
			dependencies = (
				A73B77C019E0AAAD00497666 /* PBXTargetDependency */,
			);
			name = "Tinder CloneTests";
			productName = "Tinder CloneTests";
			productReference = A73B77BE19E0AAAD00497666 /* Tinder CloneTests.xctest */;
			productType = "com.apple.product-type.bundle.unit-test";
		};
/* End PBXNativeTarget section */

/* Begin PBXProject section */
		A73B77A119E0AAAD00497666 /* Project object */ = {
			isa = PBXProject;
			attributes = {
				LastUpgradeCheck = 0610;
				ORGANIZATIONNAME = "Nathanial L. McConnell";
				TargetAttributes = {
					A73B77A819E0AAAD00497666 = {
						CreatedOnToolsVersion = 6.1;
					};
					A73B77BD19E0AAAD00497666 = {
						CreatedOnToolsVersion = 6.1;
						TestTargetID = A73B77A819E0AAAD00497666;
					};
				};
			};
			buildConfigurationList = A73B77A419E0AAAD00497666 /* Build configuration list for PBXProject "Tinder Clone" */;
			compatibilityVersion = "Xcode 3.2";
			developmentRegion = English;
			hasScannedForEncodings = 0;
			knownRegions = (
				en,
				Base,
			);
			mainGroup = A73B77A019E0AAAD00497666;
			productRefGroup = A73B77AA19E0AAAD00497666 /* Products */;
			projectDirPath = "";
			projectRoot = "";
			targets = (
				A73B77A819E0AAAD00497666 /* Tinder Clone */,
				A73B77BD19E0AAAD00497666 /* Tinder CloneTests */,
			);
		};
/* End PBXProject section */

/* Begin PBXResourcesBuildPhase section */
		A73B77A719E0AAAD00497666 /* Resources */ = {
			isa = PBXResourcesBuildPhase;
			buildActionMask = 2147483647;
			files = (
				A73B77B419E0AAAD00497666 /* Main.storyboard in Resources */,
				A73B77B919E0AAAD00497666 /* LaunchScreen.xib in Resources */,
				A73B77B619E0AAAD00497666 /* Images.xcassets in Resources */,
			);
			runOnlyForDeploymentPostprocessing = 0;
		};
		A73B77BC19E0AAAD00497666 /* Resources */ = {
			isa = PBXResourcesBuildPhase;
			buildActionMask = 2147483647;
			files = (
			);
			runOnlyForDeploymentPostprocessing = 0;
		};
/* End PBXResourcesBuildPhase section */

/* Begin PBXSourcesBuildPhase section */
		A73B77A519E0AAAD00497666 /* Sources */ = {
			isa = PBXSourcesBuildPhase;
			buildActionMask = 2147483647;
			files = (
				A73B77F119E0BE4700497666 /* DraggableView.swift in Sources */,
				A73B77B119E0AAAD00497666 /* ViewController.swift in Sources */,
				A73B77FA19E0DA9800497666 /* LocationManager.swift in Sources */,
				A73B77AF19E0AAAD00497666 /* AppDelegate.swift in Sources */,
				A73B77F519E0D49600497666 /* MBProgressHUD.m in Sources */,
				A73B77F819E0D69C00497666 /* ProfileSelectorViewController.swift in Sources */,
			);
			runOnlyForDeploymentPostprocessing = 0;
		};
		A73B77BA19E0AAAD00497666 /* Sources */ = {
			isa = PBXSourcesBuildPhase;
			buildActionMask = 2147483647;
			files = (
				A73B77C519E0AAAD00497666 /* Tinder_CloneTests.swift in Sources */,
			);
			runOnlyForDeploymentPostprocessing = 0;
		};
/* End PBXSourcesBuildPhase section */

/* Begin PBXTargetDependency section */
		A73B77C019E0AAAD00497666 /* PBXTargetDependency */ = {
			isa = PBXTargetDependency;
			target = A73B77A819E0AAAD00497666 /* Tinder Clone */;
			targetProxy = A73B77BF19E0AAAD00497666 /* PBXContainerItemProxy */;
		};
/* End PBXTargetDependency section */

/* Begin PBXVariantGroup section */
		A73B77B219E0AAAD00497666 /* Main.storyboard */ = {
			isa = PBXVariantGroup;
			children = (
				A73B77B319E0AAAD00497666 /* Base */,
			);
			name = Main.storyboard;
			sourceTree = "<group>";
		};
		A73B77B719E0AAAD00497666 /* LaunchScreen.xib */ = {
			isa = PBXVariantGroup;
			children = (
				A73B77B819E0AAAD00497666 /* Base */,
			);
			name = LaunchScreen.xib;
			sourceTree = "<group>";
		};
/* End PBXVariantGroup section */

/* Begin XCBuildConfiguration section */
		A73B77C619E0AAAD00497666 /* Debug */ = {
			isa = XCBuildConfiguration;
			buildSettings = {
				ALWAYS_SEARCH_USER_PATHS = NO;
				CLANG_CXX_LANGUAGE_STANDARD = "gnu++0x";
				CLANG_CXX_LIBRARY = "libc++";
				CLANG_ENABLE_MODULES = YES;
				CLANG_ENABLE_OBJC_ARC = YES;
				CLANG_WARN_BOOL_CONVERSION = YES;
				CLANG_WARN_CONSTANT_CONVERSION = YES;
				CLANG_WARN_DIRECT_OBJC_ISA_USAGE = YES_ERROR;
				CLANG_WARN_EMPTY_BODY = YES;
				CLANG_WARN_ENUM_CONVERSION = YES;
				CLANG_WARN_INT_CONVERSION = YES;
				CLANG_WARN_OBJC_ROOT_CLASS = YES_ERROR;
				CLANG_WARN_UNREACHABLE_CODE = YES;
				CLANG_WARN__DUPLICATE_METHOD_MATCH = YES;
				"CODE_SIGN_IDENTITY[sdk=iphoneos*]" = "iPhone Developer";
				COPY_PHASE_STRIP = NO;
				ENABLE_STRICT_OBJC_MSGSEND = YES;
				GCC_C_LANGUAGE_STANDARD = gnu99;
				GCC_DYNAMIC_NO_PIC = NO;
				GCC_OPTIMIZATION_LEVEL = 0;
				GCC_PREPROCESSOR_DEFINITIONS = (
					"DEBUG=1",
					"$(inherited)",
				);
				GCC_SYMBOLS_PRIVATE_EXTERN = NO;
				GCC_WARN_64_TO_32_BIT_CONVERSION = YES;
				GCC_WARN_ABOUT_RETURN_TYPE = YES_ERROR;
				GCC_WARN_UNDECLARED_SELECTOR = YES;
				GCC_WARN_UNINITIALIZED_AUTOS = YES_AGGRESSIVE;
				GCC_WARN_UNUSED_FUNCTION = YES;
				GCC_WARN_UNUSED_VARIABLE = YES;
				IPHONEOS_DEPLOYMENT_TARGET = 8.0;
				MTL_ENABLE_DEBUG_INFO = YES;
				ONLY_ACTIVE_ARCH = YES;
				SDKROOT = iphoneos;
				SWIFT_OPTIMIZATION_LEVEL = "-Onone";
			};
			name = Debug;
		};
		A73B77C719E0AAAD00497666 /* Release */ = {
			isa = XCBuildConfiguration;
			buildSettings = {
				ALWAYS_SEARCH_USER_PATHS = NO;
				CLANG_CXX_LANGUAGE_STANDARD = "gnu++0x";
				CLANG_CXX_LIBRARY = "libc++";
				CLANG_ENABLE_MODULES = YES;
				CLANG_ENABLE_OBJC_ARC = YES;
				CLANG_WARN_BOOL_CONVERSION = YES;
				CLANG_WARN_CONSTANT_CONVERSION = YES;
				CLANG_WARN_DIRECT_OBJC_ISA_USAGE = YES_ERROR;
				CLANG_WARN_EMPTY_BODY = YES;
				CLANG_WARN_ENUM_CONVERSION = YES;
				CLANG_WARN_INT_CONVERSION = YES;
				CLANG_WARN_OBJC_ROOT_CLASS = YES_ERROR;
				CLANG_WARN_UNREACHABLE_CODE = YES;
				CLANG_WARN__DUPLICATE_METHOD_MATCH = YES;
				"CODE_SIGN_IDENTITY[sdk=iphoneos*]" = "iPhone Developer";
				COPY_PHASE_STRIP = YES;
				ENABLE_NS_ASSERTIONS = NO;
				ENABLE_STRICT_OBJC_MSGSEND = YES;
				GCC_C_LANGUAGE_STANDARD = gnu99;
				GCC_WARN_64_TO_32_BIT_CONVERSION = YES;
				GCC_WARN_ABOUT_RETURN_TYPE = YES_ERROR;
				GCC_WARN_UNDECLARED_SELECTOR = YES;
				GCC_WARN_UNINITIALIZED_AUTOS = YES_AGGRESSIVE;
				GCC_WARN_UNUSED_FUNCTION = YES;
				GCC_WARN_UNUSED_VARIABLE = YES;
				IPHONEOS_DEPLOYMENT_TARGET = 8.0;
				MTL_ENABLE_DEBUG_INFO = NO;
				SDKROOT = iphoneos;
				VALIDATE_PRODUCT = YES;
			};
			name = Release;
		};
		A73B77C919E0AAAD00497666 /* Debug */ = {
			isa = XCBuildConfiguration;
			buildSettings = {
				ASSETCATALOG_COMPILER_APPICON_NAME = AppIcon;
				CLANG_ENABLE_MODULES = YES;
				FRAMEWORK_SEARCH_PATHS = (
					"$(inherited)",
					"$(PROJECT_DIR)/Tinder",
					Clone,
				);
				INFOPLIST_FILE = "Tinder Clone/Info.plist";
				LD_RUNPATH_SEARCH_PATHS = "$(inherited) @executable_path/Frameworks";
				PRODUCT_NAME = "$(TARGET_NAME)";
				SWIFT_OBJC_BRIDGING_HEADER = "Tinder Clone/Tinder Clone-Bridging-Header.h";
				SWIFT_OPTIMIZATION_LEVEL = "-Onone";
			};
			name = Debug;
		};
		A73B77CA19E0AAAD00497666 /* Release */ = {
			isa = XCBuildConfiguration;
			buildSettings = {
				ASSETCATALOG_COMPILER_APPICON_NAME = AppIcon;
				CLANG_ENABLE_MODULES = YES;
				FRAMEWORK_SEARCH_PATHS = (
					"$(inherited)",
					"$(PROJECT_DIR)/Tinder",
					Clone,
				);
				INFOPLIST_FILE = "Tinder Clone/Info.plist";
				LD_RUNPATH_SEARCH_PATHS = "$(inherited) @executable_path/Frameworks";
				PRODUCT_NAME = "$(TARGET_NAME)";
				SWIFT_OBJC_BRIDGING_HEADER = "Tinder Clone/Tinder Clone-Bridging-Header.h";
			};
			name = Release;
		};
		A73B77CC19E0AAAD00497666 /* Debug */ = {
			isa = XCBuildConfiguration;
			buildSettings = {
				BUNDLE_LOADER = "$(TEST_HOST)";
				FRAMEWORK_SEARCH_PATHS = (
					"$(SDKROOT)/Developer/Library/Frameworks",
					"$(inherited)",
				);
				GCC_PREPROCESSOR_DEFINITIONS = (
					"DEBUG=1",
					"$(inherited)",
				);
				INFOPLIST_FILE = "Tinder CloneTests/Info.plist";
				LD_RUNPATH_SEARCH_PATHS = "$(inherited) @executable_path/Frameworks @loader_path/Frameworks";
				PRODUCT_NAME = "$(TARGET_NAME)";
				TEST_HOST = "$(BUILT_PRODUCTS_DIR)/Tinder Clone.app/Tinder Clone";
			};
			name = Debug;
		};
		A73B77CD19E0AAAD00497666 /* Release */ = {
			isa = XCBuildConfiguration;
			buildSettings = {
				BUNDLE_LOADER = "$(TEST_HOST)";
				FRAMEWORK_SEARCH_PATHS = (
					"$(SDKROOT)/Developer/Library/Frameworks",
					"$(inherited)",
				);
				INFOPLIST_FILE = "Tinder CloneTests/Info.plist";
				LD_RUNPATH_SEARCH_PATHS = "$(inherited) @executable_path/Frameworks @loader_path/Frameworks";
				PRODUCT_NAME = "$(TARGET_NAME)";
				TEST_HOST = "$(BUILT_PRODUCTS_DIR)/Tinder Clone.app/Tinder Clone";
			};
			name = Release;
		};
/* End XCBuildConfiguration section */

/* Begin XCConfigurationList section */
		A73B77A419E0AAAD00497666 /* Build configuration list for PBXProject "Tinder Clone" */ = {
			isa = XCConfigurationList;
			buildConfigurations = (
				A73B77C619E0AAAD00497666 /* Debug */,
				A73B77C719E0AAAD00497666 /* Release */,
			);
			defaultConfigurationIsVisible = 0;
			defaultConfigurationName = Release;
		};
		A73B77C819E0AAAD00497666 /* Build configuration list for PBXNativeTarget "Tinder Clone" */ = {
			isa = XCConfigurationList;
			buildConfigurations = (
				A73B77C919E0AAAD00497666 /* Debug */,
				A73B77CA19E0AAAD00497666 /* Release */,
			);
			defaultConfigurationIsVisible = 0;
		};
		A73B77CB19E0AAAD00497666 /* Build configuration list for PBXNativeTarget "Tinder CloneTests" */ = {
			isa = XCConfigurationList;
			buildConfigurations = (
				A73B77CC19E0AAAD00497666 /* Debug */,
				A73B77CD19E0AAAD00497666 /* Release */,
			);
			defaultConfigurationIsVisible = 0;
		};
/* End XCConfigurationList section */
	};
	rootObject = A73B77A119E0AAAD00497666 /* Project object */;
}
